{
  "version": 4,
  "terraform_version": "0.13.5",
  "serial": 6,
  "lineage": "260ed655-53ce-9ffe-c9a4-9df9f12f83c3",
  "outputs": {},
  "resources": [
    {
      "mode": "managed",
      "type": "google_compute_address",
      "name": "external-ip-pritunl",
      "provider": "provider[\"registry.terraform.io/hashicorp/google\"]",
      "instances": [
        {
          "schema_version": 0,
          "attributes": {
            "address": "34.75.210.157",
            "address_type": "EXTERNAL",
            "creation_timestamp": "2021-09-02T12:08:21.587-07:00",
            "description": "",
            "id": "projects/sd-infraestrutura-dev/regions/us-east1/addresses/pritunl-vpn-server-external",
            "name": "pritunl-vpn-server-external",
            "network": "",
            "network_tier": "PREMIUM",
            "prefix_length": 0,
            "project": "sd-infraestrutura-dev",
            "purpose": "",
            "region": "us-east1",
            "self_link": "https://www.googleapis.com/compute/v1/projects/sd-infraestrutura-dev/regions/us-east1/addresses/pritunl-vpn-server-external",
            "subnetwork": "",
            "timeouts": null,
            "users": [
              "https://www.googleapis.com/compute/v1/projects/sd-infraestrutura-dev/zones/us-east1-b/instances/pritunl-vpn-server"
            ]
          },
          "private": "eyJlMmJmYjczMC1lY2FhLTExZTYtOGY4OC0zNDM2M2JjN2M0YzAiOnsiY3JlYXRlIjoyNDAwMDAwMDAwMDAsImRlbGV0ZSI6MjQwMDAwMDAwMDAwfX0="
        }
      ]
    },
    {
      "mode": "managed",
      "type": "google_compute_instance",
      "name": "pritunl-instance",
      "provider": "provider[\"registry.terraform.io/hashicorp/google\"]",
      "instances": [
        {
          "schema_version": 6,
          "attributes": {
            "advanced_machine_features": [],
            "allow_stopping_for_update": null,
            "attached_disk": [],
            "boot_disk": [
              {
                "auto_delete": true,
                "device_name": "pritunl-vpn-server-disk",
                "disk_encryption_key_raw": "",
                "disk_encryption_key_sha256": "",
                "initialize_params": [
                  {
                    "image": "https://www.googleapis.com/compute/v1/projects/ubuntu-os-cloud/global/images/ubuntu-2004-focal-v20210825",
                    "labels": {},
                    "size": 10,
                    "type": "pd-balanced"
                  }
                ],
                "kms_key_self_link": "",
                "mode": "READ_WRITE",
                "source": "https://www.googleapis.com/compute/v1/projects/sd-infraestrutura-dev/zones/us-east1-b/disks/pritunl-vpn-server"
              }
            ],
            "can_ip_forward": false,
            "confidential_instance_config": [],
            "cpu_platform": "Intel Haswell",
            "current_status": "RUNNING",
            "deletion_protection": false,
            "description": "",
            "desired_status": null,
            "enable_display": false,
            "guest_accelerator": [],
            "hostname": "",
            "id": "projects/sd-infraestrutura-dev/zones/us-east1-b/instances/pritunl-vpn-server",
            "instance_id": "3240377713640120284",
            "label_fingerprint": "D9WfBKwOl4g=",
            "labels": {
              "managedby": "terraform",
              "vm": "pritunl-vpn-server"
            },
            "machine_type": "e2-small",
            "metadata": {},
            "metadata_fingerprint": "9Qh0OootVt0=",
            "metadata_startup_script": "#!/bin/bash\n\n# author: Taynan Tofanini \u003ctaynan@santodigital.com.br\u003e\n# describe:Install open source Pritunl VPN server on Ubuntu 20.04 LTS \n# version: 0.1\n# license: MIT License\n\nsudo apt update \u0026\u0026 sudo apt upgrade -y\n\nsudo apt-get install curl gnupg2 wget unzip -y\ncurl -fsSL https://www.mongodb.org/static/pgp/server-4.4.asc | apt-key add -\nsudo -s\necho \"deb [ arch=amd64,arm64 ] https://repo.mongodb.org/apt/ubuntu focal/mongodb-org/4.4 multiverse\" | tee /etc/apt/sources.list.d/mongodb-org-4.4.list\napt-get update\napt-get install mongodb-server -y\nsudo systemctl start mongodb\nsudo systemctl enable mongodb\napt-key adv --keyserver hkp://keyserver.ubuntu.com --recv E162F504A20CDF15827F718D4B7C549A058F8B6B\napt-key adv --keyserver hkp://keyserver.ubuntu.com --recv 7568D9BB55FF9E5287D586017AE645C0CF8E292A\necho \"deb http://repo.pritunl.com/stable/apt focal main\" | tee /etc/apt/sources.list.d/pritunl.list\napt-get update\napt-get install pritunl -y\nsudo systemctl start pritunl\nsudo systemctl enable pritunl\nsudo pritunl setup-key\npritunl default-password\n",
            "min_cpu_platform": "",
            "name": "pritunl-vpn-server",
            "network_interface": [
              {
                "access_config": [
                  {
                    "nat_ip": "34.75.210.157",
                    "network_tier": "PREMIUM",
                    "public_ptr_domain_name": ""
                  }
                ],
                "alias_ip_range": [],
                "name": "nic0",
                "network": "https://www.googleapis.com/compute/v1/projects/sd-infraestrutura-dev/global/networks/default",
                "network_ip": "10.142.0.20",
                "nic_type": "",
                "subnetwork": "https://www.googleapis.com/compute/v1/projects/sd-infraestrutura-dev/regions/us-east1/subnetworks/default",
                "subnetwork_project": "sd-infraestrutura-dev"
              }
            ],
            "project": "sd-infraestrutura-dev",
            "reservation_affinity": [],
            "resource_policies": [],
            "scheduling": [
              {
                "automatic_restart": true,
                "min_node_cpus": 0,
                "node_affinities": [],
                "on_host_maintenance": "MIGRATE",
                "preemptible": false
              }
            ],
            "scratch_disk": [],
            "self_link": "https://www.googleapis.com/compute/v1/projects/sd-infraestrutura-dev/zones/us-east1-b/instances/pritunl-vpn-server",
            "service_account": [],
            "shielded_instance_config": [
              {
                "enable_integrity_monitoring": true,
                "enable_secure_boot": false,
                "enable_vtpm": true
              }
            ],
            "tags": [
              "http-server",
              "https-server"
            ],
            "tags_fingerprint": "6smc4R4d39I=",
            "timeouts": null,
            "zone": "us-east1-b"
          },
          "private": "eyJlMmJmYjczMC1lY2FhLTExZTYtOGY4OC0zNDM2M2JjN2M0YzAiOnsiY3JlYXRlIjoxMjAwMDAwMDAwMDAwLCJkZWxldGUiOjEyMDAwMDAwMDAwMDAsInVwZGF0ZSI6MTIwMDAwMDAwMDAwMH0sInNjaGVtYV92ZXJzaW9uIjoiNiJ9",
          "dependencies": [
            "google_compute_address.external-ip-pritunl"
          ]
        }
      ]
    }
  ]
}
